
Microsoft Visual Studio Solution File, Format Version 12.00
# Visual Studio Version 16
VisualStudioVersion = 16.0.30309.148
MinimumVisualStudioVersion = 10.0.40219.1
Project("{FAE04EC0-301F-11D3-BF4B-00C04F79EFBC}") = "Clinic.BL", "Clinic.BL\Clinic.BL.csproj", "{ACD333E3-581D-45C5-B5A0-10EC8631FB9B}"
EndProject
Project("{FAE04EC0-301F-11D3-BF4B-00C04F79EFBC}") = "Clinic.Common", "Clinic.Common\Clinic.Common.csproj", "{400F401F-6031-45DA-A0E1-D36E2091E734}"
EndProject
Project("{FAE04EC0-301F-11D3-BF4B-00C04F79EFBC}") = "MedicaSystem.IL", "ClinicManager\MedicaSystem.IL.csproj", "{3F22907F-D246-4121-855C-84502B0BB7D3}"
EndProject
Global
	GlobalSection(SolutionConfigurationPlatforms) = preSolution
		Debug|Any CPU = Debug|Any CPU
		Release|Any CPU = Release|Any CPU
	EndGlobalSection
	GlobalSection(ProjectConfigurationPlatforms) = postSolution
		{ACD333E3-581D-45C5-B5A0-10EC8631FB9B}.Debug|Any CPU.ActiveCfg = Debug|Any CPU
		{ACD333E3-581D-45C5-B5A0-10EC8631FB9B}.Debug|Any CPU.Build.0 = Debug|Any CPU
		{ACD333E3-581D-45C5-B5A0-10EC8631FB9B}.Release|Any CPU.ActiveCfg = Release|Any CPU
		{ACD333E3-581D-45C5-B5A0-10EC8631FB9B}.Release|Any CPU.Build.0 = Release|Any CPU
		{400F401F-6031-45DA-A0E1-D36E2091E734}.Debug|Any CPU.ActiveCfg = Debug|Any CPU
		{400F401F-6031-45DA-A0E1-D36E2091E734}.Debug|Any CPU.Build.0 = Debug|Any CPU
		{400F401F-6031-45DA-A0E1-D36E2091E734}.Release|Any CPU.ActiveCfg = Release|Any CPU
		{400F401F-6031-45DA-A0E1-D36E2091E734}.Release|Any CPU.Build.0 = Release|Any CPU
		{3F22907F-D246-4121-855C-84502B0BB7D3}.Debug|Any CPU.ActiveCfg = Debug|Any CPU
		{3F22907F-D246-4121-855C-84502B0BB7D3}.Debug|Any CPU.Build.0 = Debug|Any CPU
		{3F22907F-D246-4121-855C-84502B0BB7D3}.Release|Any CPU.ActiveCfg = Release|Any CPU
		{3F22907F-D246-4121-855C-84502B0BB7D3}.Release|Any CPU.Build.0 = Release|Any CPU
	EndGlobalSection
	GlobalSection(SolutionProperties) = preSolution
		HideSolutionNode = FALSE
	EndGlobalSection
	GlobalSection(ExtensibilityGlobals) = postSolution
		SolutionGuid = {D82DAAA5-EDB7-4289-B4E1-2F40027E922F}
	EndGlobalSection
EndGlobal
